lockfileVersion: '9.0'

settings:
  autoInstallPeers: true
  excludeLinksFromLockfile: false

importers:

  .:
    dependencies:
      nosleep.js:
        specifier: ^0.12.0
        version: 0.12.0

packages:

  nosleep.js@0.12.0:
    resolution: {integrity: sha512-9d1HbpKLh3sdWlhXMhU6MMH+wQzKkrgfRkYV0EBdvt99YJfj0ilCJrWRDYG2130Tm4GXbEoTCx5b34JSaP+HhA==}

snapshots:

  nosleep.js@0.12.0: {}
